<?xml version="1.0" encoding="utf-8"?>
<Project ToolsVersion="4.0" xmlns="http://schemas.microsoft.com/developer/msbuild/2003">
  <ItemGroup>
    <ClCompile Include="Configuration.cpp" />
    <ClCompile Include="DllMain.cpp" />
    <ClCompile Include="Mod.cpp" />
    <ClCompile Include="Pch.cpp" />
    <ClCompile Include="..\..\Dependencies\imgui\imgui.cpp">
      <Filter>imgui</Filter>
    </ClCompile>
    <ClCompile Include="..\..\Dependencies\imgui\imgui_demo.cpp">
      <Filter>imgui</Filter>
    </ClCompile>
    <ClCompile Include="..\..\Dependencies\imgui\imgui_draw.cpp">
      <Filter>imgui</Filter>
    </ClCompile>
    <ClCompile Include="..\..\Dependencies\imgui\imgui_impl_dx9.cpp">
      <Filter>imgui</Filter>
    </ClCompile>
    <ClCompile Include="..\..\Dependencies\imgui\imgui_impl_dx11.cpp">
      <Filter>imgui</Filter>
    </ClCompile>
    <ClCompile Include="..\..\Dependencies\imgui\imgui_impl_win32.cpp">
      <Filter>imgui</Filter>
    </ClCompile>
    <ClCompile Include="..\..\Dependencies\imgui\imgui_tables.cpp">
      <Filter>imgui</Filter>
    </ClCompile>
    <ClCompile Include="..\..\Dependencies\imgui\imgui_widgets.cpp">
      <Filter>imgui</Filter>
    </ClCompile>
    <ClCompile Include="..\..\Dependencies\DDSTextureLoader\DDSTextureLoader9.cpp">
      <Filter>imgui</Filter>
    </ClCompile>
    <ClCompile Include="..\..\Dependencies\DDSTextureLoader\DDSTextureLoader11.cpp">
      <Filter>imgui</Filter>
    </ClCompile>
    <ClCompile Include="Managers\MissionManager.cpp" />
    <ClCompile Include="Managers\MstManager.cpp" />
    <ClCompile Include="Managers\ParamManager.cpp" />
    <ClCompile Include="Managers\PathManager.cpp" />
    <ClCompile Include="Managers\ScoreManager.cpp" />
    <ClCompile Include="Managers\StageManager.cpp" />
    <ClCompile Include="Objects\cmn\BallSwitch.cpp" />
    <ClCompile Include="Objects\cmn\Cage.cpp" />
    <ClCompile Include="Objects\cmn\Guillotine.cpp" />
    <ClCompile Include="Objects\cmn\Hint.cpp" />
    <ClCompile Include="Objects\cmn\Itembox.cpp" />
    <ClCompile Include="Objects\cmn\JumpChain.cpp" />
    <ClCompile Include="Objects\cmn\Laser.cpp" />
    <ClCompile Include="Objects\cmn\UpDownReel.cpp" />
    <ClCompile Include="Objects\gens\Navigation.cpp" />
    <ClCompile Include="Objects\gens\Omochao.cpp" />
    <ClCompile Include="Objects\mission\Pele.cpp" />
    <ClCompile Include="Objects\mission\SoleannaBoys.cpp" />
    <ClCompile Include="Objects\mission\SonicMan.cpp" />
    <ClCompile Include="Objects\mission\WhosCaptain.cpp" />
    <ClCompile Include="Objects\twn\SoleannaNPC.cpp" />
    <ClCompile Include="Objects\NextGenObjects.cpp" />
    <ClCompile Include="System\Application.cpp" />
    <ClCompile Include="System\ChaosEnergy.cpp" />
    <ClCompile Include="System\EnemyTrigger.cpp" />
    <ClCompile Include="UI\LoadingUI.cpp" />
    <ClCompile Include="UI\ResultUI.cpp" />
    <ClCompile Include="UI\SubtitleUI.cpp" />
    <ClCompile Include="UI\TitleUI.cpp" />
    <ClCompile Include="UI\UIContext.cpp" />
    <ClCompile Include="Utils\ArchiveTreePatcher.cpp" />
    <ClCompile Include="Utils\mst.cpp" />
    <ClCompile Include="Utils\SynchronizedObject.cpp" />
    <ClCompile Include="Utils\tinyxml2.cpp" />
    <ClCompile Include="Utils\Window.cpp" />
    <ClCompile Include="System\EnemyHealth.cpp" />
    <ClCompile Include="Objects\vehicles\GadgetGlider.cpp" />
    <ClCompile Include="Objects\vehicles\GadgetMissile.cpp" />
    <ClCompile Include="Objects\cmn\Explosion.cpp" />
    <ClCompile Include="Objects\vehicles\GadgetHover.cpp" />
    <ClCompile Include="Objects\enemy\EnemyBullet.cpp" />
    <ClCompile Include="Objects\vehicles\GadgetBike.cpp" />
    <ClCompile Include="Objects\vehicles\GadgetGun.cpp" />
    <ClCompile Include="Objects\boss\Mephiles.cpp" />
    <ClCompile Include="Objects\enemy\EnemyShield.cpp" />
    <ClCompile Include="Objects\boss\MephilesShadow.cpp" />
    <ClCompile Include="Objects\enemy\DarkSphere.cpp" />
    <ClCompile Include="Objects\cmn\CustomEvent.cpp" />
    <ClCompile Include="Utils\APIExport.cpp" />
    <ClCompile Include="Objects\vehicles\GadgetJeep.cpp" />
    <ClCompile Include="Objects\vehicles\GadgetGunSimple.cpp" />
    <ClCompile Include="Objects\enemy\EnemyLander.cpp" />
    <ClCompile Include="Objects\enemy\EnemyMotora.cpp" />
    <ClCompile Include="Objects\enemy\EnemyGanigani.cpp" />
    <ClCompile Include="Objects\enemy\EnemyBeeton.cpp" />
    <ClCompile Include="Objects\enemy\EnemyGunHunter.cpp" />
    <ClCompile Include="Objects\enemy\EnemyEggRobo.cpp" />
    <ClCompile Include="Objects\enemy\EnemyELauncher.cpp" />
    <ClCompile Include="Objects\enemy\EnemyBeetle.cpp" />
    <ClCompile Include="Objects\enemy\EnemyTaker.cpp" />
    <ClCompile Include="Objects\enemy\EnemyCrawler.cpp" />
    <ClCompile Include="Objects\enemy\EnemyBiter.cpp" />
    <ClCompile Include="UI\ExtraUI.cpp" />
    <ClCompile Include="Objects\cmn\GenericObject.cpp" />
  </ItemGroup>
  <ItemGroup>
    <ClInclude Include="Configuration.h" />
    <ClInclude Include="Pch.h" />
    <ClInclude Include="DllMain.h" />
    <ClInclude Include="Resources.h" />
    <ClInclude Include="Managers\MissionManager.h" />
    <ClInclude Include="Managers\MstManager.h" />
    <ClInclude Include="Managers\ParamManager.h" />
    <ClInclude Include="Managers\PathManager.h" />
    <ClInclude Include="Managers\ScoreManager.h" />
    <ClInclude Include="Managers\StageManager.h" />
    <ClInclude Include="Objects\cmn\BallSwitch.h" />
    <ClInclude Include="Objects\cmn\Cage.h" />
    <ClInclude Include="Objects\cmn\Guillotine.h" />
    <ClInclude Include="Objects\cmn\Hint.h" />
    <ClInclude Include="Objects\cmn\Itembox.h" />
    <ClInclude Include="Objects\cmn\JumpChain.h" />
    <ClInclude Include="Objects\cmn\Laser.h" />
    <ClInclude Include="Objects\cmn\UpDownReel.h" />
    <ClInclude Include="Objects\gens\Navigation.h" />
    <ClInclude Include="Objects\gens\Omochao.h" />
    <ClInclude Include="Objects\mission\Pele.h" />
    <ClInclude Include="Objects\mission\SoleannaBoys.h" />
    <ClInclude Include="Objects\mission\SonicMan.h" />
    <ClInclude Include="Objects\mission\WhosCaptain.h" />
    <ClInclude Include="Objects\twn\SoleannaNPC.h" />
    <ClInclude Include="Objects\NextGenObjects.h" />
    <ClInclude Include="System\Application.h" />
    <ClInclude Include="System\ChaosEnergy.h" />
    <ClInclude Include="System\EnemyTrigger.h" />
    <ClInclude Include="UI\LoadingUI.h" />
    <ClInclude Include="UI\ResultUI.h" />
    <ClInclude Include="UI\SubtitleUI.h" />
    <ClInclude Include="UI\TitleUI.h" />
    <ClInclude Include="UI\UIContext.h" />
    <ClInclude Include="Utils\ArchiveTreePatcher.h" />
    <ClInclude Include="Utils\mst.h" />
    <ClInclude Include="Utils\SynchronizedObject.h" />
    <ClInclude Include="Utils\tinyxml2.h" />
    <ClInclude Include="Utils\Window.h" />
    <ClInclude Include="System\EnemyHealth.h" />
    <ClInclude Include="Objects\vehicles\GadgetGlider.h" />
    <ClInclude Include="Objects\vehicles\GadgetMissile.h" />
    <ClInclude Include="Objects\cmn\Explosion.h" />
    <ClInclude Include="Objects\vehicles\GadgetHover.h" />
    <ClInclude Include="Objects\enemy\EnemyBullet.h" />
    <ClInclude Include="Objects\vehicles\GadgetBike.h" />
    <ClInclude Include="Objects\vehicles\GadgetGun.h" />
    <ClInclude Include="Objects\boss\Mephiles.h" />
    <ClInclude Include="Objects\enemy\EnemyShield.h" />
    <ClInclude Include="Objects\boss\MephilesShadow.h" />
    <ClInclude Include="Objects\enemy\DarkSphere.h" />
    <ClInclude Include="Objects\cmn\CustomEvent.h" />
    <ClInclude Include="Objects\vehicles\GadgetJeep.h" />
    <ClInclude Include="Objects\vehicles\GadgetGunSimple.h" />
    <ClInclude Include="Objects\enemy\EnemyLander.h" />
    <ClInclude Include="Objects\enemy\EnemyMotora.h" />
    <ClInclude Include="Objects\enemy\EnemyGanigani.h" />
    <ClInclude Include="Objects\enemy\EnemyBeeton.h" />
    <ClInclude Include="Objects\enemy\EnemyGunHunter.h" />
    <ClInclude Include="Objects\enemy\EnemyEggRobo.h" />
    <ClInclude Include="Objects\enemy\EnemyELauncher.h" />
    <ClInclude Include="Objects\enemy\EnemyBeetle.h" />
    <ClInclude Include="Objects\enemy\EnemyTaker.h" />
    <ClInclude Include="Objects\enemy\EnemyCrawler.h" />
    <ClInclude Include="Objects\enemy\EnemyBiter.h" />
    <ClInclude Include="UI\ExtraUI.h" />
    <ClInclude Include="Objects\cmn\GenericObject.h" />
  </ItemGroup>
  <ItemGroup>
    <Filter Include="imgui">
      <UniqueIdentifier>{bac37829-acdd-4f2d-b945-8b16d201d56b}</UniqueIdentifier>
    </Filter>
  </ItemGroup>
  <ItemGroup>
    <ResourceCompile Include="STH2006Project.rc" />
  </ItemGroup>
  <ItemGroup>
    <Image Include="Icon.ico" />
  </ItemGroup>
</Project>