<?xml version="1.0" encoding="utf-8"?>
<Project ToolsVersion="4.0" xmlns="http://schemas.microsoft.com/developer/msbuild/2003">
  <ItemGroup>
    <ClCompile Include="Pch.cpp" />
    <ClCompile Include="DllMain.cpp" />
    <ClCompile Include="Mod.cpp" />
    <ClCompile Include="Configuration.cpp" />
    <ClCompile Include="bbWriter.cpp" />
    <ClCompile Include="RankQuote.cpp" />
    <ClCompile Include="RankRunAnimation.cpp" />
    <ClCompile Include="SuperSonic.cpp" />
    <ClCompile Include="Navigation.cpp" />
    <ClCompile Include="tinyxml2.cpp" />
    <ClCompile Include="RailPhysics.cpp" />
    <ClCompile Include="Application.cpp" />
    <ClCompile Include="Itembox.cpp" />
    <ClCompile Include="ArchiveTreePatcher.cpp" />
    <ClCompile Include="NextGenPhysics.cpp" />
    <ClCompile Include="AnimationSetPatcher.cpp" />
    <ClCompile Include="VoiceOver.cpp" />
    <ClCompile Include="ChaosEnergy.cpp" />
    <ClCompile Include="CustomCamera.cpp" />
    <ClCompile Include="NextGenSonic.cpp" />
    <ClCompile Include="NextGenBlaze.cpp" />
    <ClCompile Include="APIExport.cpp" />
    <ClCompile Include="NextGenShadow.cpp" />
  </ItemGroup>
  <ItemGroup>
    <ClInclude Include="Pch.h" />
    <ClInclude Include="Configuration.h" />
    <ClInclude Include="bbWriter.h" />
    <ClInclude Include="RankQuote.h" />
    <ClInclude Include="RankRunAnimation.h" />
    <ClInclude Include="SuperSonic.h" />
    <ClInclude Include="Navigation.h" />
    <ClInclude Include="tinyxml2.h" />
    <ClInclude Include="RailPhysics.h" />
    <ClInclude Include="Application.h" />
    <ClInclude Include="Itembox.h" />
    <ClInclude Include="ArchiveTreePatcher.h" />
    <ClInclude Include="NextGenPhysics.h" />
    <ClInclude Include="AnimationSetPatcher.h" />
    <ClInclude Include="VoiceOver.h" />
    <ClInclude Include="ChaosEnergy.h" />
    <ClInclude Include="CustomCamera.h" />
    <ClInclude Include="NextGenSonic.h" />
    <ClInclude Include="NextGenBlaze.h" />
    <ClInclude Include="NextGenShadow.h" />
  </ItemGroup>
</Project>